// !$*UTF8*$!
{
	archiveVersion = 1;
	classes = {
	};
	objectVersion = 46;
	objects = {

/* Begin PBXBuildFile section */
		5D1D215B176BA5CD0016DDCA /* UIKit.framework in Frameworks */ = {isa = PBXBuildFile; fileRef = 5D1D215A176BA5CD0016DDCA /* UIKit.framework */; };
		5D1D215D176BA5CD0016DDCA /* Foundation.framework in Frameworks */ = {isa = PBXBuildFile; fileRef = 5D1D215C176BA5CD0016DDCA /* Foundation.framework */; };
		5D1D215F176BA5CD0016DDCA /* CoreGraphics.framework in Frameworks */ = {isa = PBXBuildFile; fileRef = 5D1D215E176BA5CD0016DDCA /* CoreGraphics.framework */; };
		5D1D2165176BA5CD0016DDCA /* InfoPlist.strings in Resources */ = {isa = PBXBuildFile; fileRef = 5D1D2163176BA5CD0016DDCA /* InfoPlist.strings */; };
		5D1D2167176BA5CD0016DDCA /* main.m in Sources */ = {isa = PBXBuildFile; fileRef = 5D1D2166176BA5CD0016DDCA /* main.m */; };
		5D1D216B176BA5CD0016DDCA /* AppDelegate.m in Sources */ = {isa = PBXBuildFile; fileRef = 5D1D216A176BA5CD0016DDCA /* AppDelegate.m */; };
		5D1D216D176BA5CD0016DDCA /* Default.png in Resources */ = {isa = PBXBuildFile; fileRef = 5D1D216C176BA5CD0016DDCA /* Default.png */; };
		5D1D216F176BA5CD0016DDCA /* Default@2x.png in Resources */ = {isa = PBXBuildFile; fileRef = 5D1D216E176BA5CD0016DDCA /* Default@2x.png */; };
		5D1D2171176BA5CD0016DDCA /* Default-568h@2x.png in Resources */ = {isa = PBXBuildFile; fileRef = 5D1D2170176BA5CD0016DDCA /* Default-568h@2x.png */; };
		5D1D217A176BA6170016DDCA /* SearchViewController.m in Sources */ = {isa = PBXBuildFile; fileRef = 5D1D2178176BA6160016DDCA /* SearchViewController.m */; };
		5D1D217F176BA6B30016DDCA /* ResultsViewController.m in Sources */ = {isa = PBXBuildFile; fileRef = 5D1D217D176BA6B30016DDCA /* ResultsViewController.m */; };
		5D388D6E176D7B3C00FB6536 /* green_animation_1@2x.png in Resources */ = {isa = PBXBuildFile; fileRef = 5D388D65176D7B3C00FB6536 /* green_animation_1@2x.png */; };
		5D388D6F176D7B3C00FB6536 /* green_animation_2@2x.png in Resources */ = {isa = PBXBuildFile; fileRef = 5D388D66176D7B3C00FB6536 /* green_animation_2@2x.png */; };
		5D388D70176D7B3C00FB6536 /* green_animation_3@2x.png in Resources */ = {isa = PBXBuildFile; fileRef = 5D388D67176D7B3C00FB6536 /* green_animation_3@2x.png */; };
		5D388D71176D7B3C00FB6536 /* green_animation_4@2x.png in Resources */ = {isa = PBXBuildFile; fileRef = 5D388D68176D7B3C00FB6536 /* green_animation_4@2x.png */; };
		5D388D72176D7B3C00FB6536 /* green_animation_5@2x.png in Resources */ = {isa = PBXBuildFile; fileRef = 5D388D69176D7B3C00FB6536 /* green_animation_5@2x.png */; };
		5D388D73176D7B3C00FB6536 /* green_animation_6@2x.png in Resources */ = {isa = PBXBuildFile; fileRef = 5D388D6A176D7B3C00FB6536 /* green_animation_6@2x.png */; };
		5D388D74176D7B3C00FB6536 /* green_animation_7@2x.png in Resources */ = {isa = PBXBuildFile; fileRef = 5D388D6B176D7B3C00FB6536 /* green_animation_7@2x.png */; };
		5D388D75176D7B3C00FB6536 /* green_animation_8@2x.png in Resources */ = {isa = PBXBuildFile; fileRef = 5D388D6C176D7B3C00FB6536 /* green_animation_8@2x.png */; };
		5D388D76176D7B3C00FB6536 /* green_animation_9@2x.png in Resources */ = {isa = PBXBuildFile; fileRef = 5D388D6D176D7B3C00FB6536 /* green_animation_9@2x.png */; };
		5D388D79176D84AF00FB6536 /* ToggleBtnA@2x.png in Resources */ = {isa = PBXBuildFile; fileRef = 5D388D77176D84AE00FB6536 /* ToggleBtnA@2x.png */; };
		5D388D7A176D84AF00FB6536 /* ToggleBtnB@2x.png in Resources */ = {isa = PBXBuildFile; fileRef = 5D388D78176D84AF00FB6536 /* ToggleBtnB@2x.png */; };
		5D388D7C176D84F200FB6536 /* BackBtn@2x.png in Resources */ = {isa = PBXBuildFile; fileRef = 5D388D7B176D84F200FB6536 /* BackBtn@2x.png */; };
		5D388D7E176D996400FB6536 /* DIN-Bold.otf in Resources */ = {isa = PBXBuildFile; fileRef = 5D388D7D176D996400FB6536 /* DIN-Bold.otf */; };
		5D38DA22176CD48800B793BD /* ResultsViewController.xib in Resources */ = {isa = PBXBuildFile; fileRef = 5D38DA21176CD48800B793BD /* ResultsViewController.xib */; };
		5D38DA25176D011A00B793BD /* TweetResult.m in Sources */ = {isa = PBXBuildFile; fileRef = 5D38DA24176D011A00B793BD /* TweetResult.m */; };
		5D38DA30176D21C700B793BD /* search_bg@2x.png in Resources */ = {isa = PBXBuildFile; fileRef = 5D38DA2F176D21C700B793BD /* search_bg@2x.png */; };
		5D38DA34176D220000B793BD /* SearchViewController.xib in Resources */ = {isa = PBXBuildFile; fileRef = 5D38DA33176D220000B793BD /* SearchViewController.xib */; };
		5D38DA37176D283000B793BD /* KlinicSlabBold.otf in Resources */ = {isa = PBXBuildFile; fileRef = 5D38DA35176D283000B793BD /* KlinicSlabBold.otf */; };
		5D38DA38176D283000B793BD /* KlinicSlabBook.otf in Resources */ = {isa = PBXBuildFile; fileRef = 5D38DA36176D283000B793BD /* KlinicSlabBook.otf */; };
		5D38DA57176D2E5A00B793BD /* hair_animation_1@2x.png in Resources */ = {isa = PBXBuildFile; fileRef = 5D38DA4D176D2E5A00B793BD /* hair_animation_1@2x.png */; };
		5D38DA58176D2E5A00B793BD /* hair_animation_2@2x.png in Resources */ = {isa = PBXBuildFile; fileRef = 5D38DA4E176D2E5A00B793BD /* hair_animation_2@2x.png */; };
		5D38DA59176D2E5A00B793BD /* hair_animation_3@2x.png in Resources */ = {isa = PBXBuildFile; fileRef = 5D38DA4F176D2E5A00B793BD /* hair_animation_3@2x.png */; };
		5D38DA5A176D2E5A00B793BD /* hair_animation_4@2x.png in Resources */ = {isa = PBXBuildFile; fileRef = 5D38DA50176D2E5A00B793BD /* hair_animation_4@2x.png */; };
		5D38DA5B176D2E5A00B793BD /* hair_animation_5@2x.png in Resources */ = {isa = PBXBuildFile; fileRef = 5D38DA51176D2E5A00B793BD /* hair_animation_5@2x.png */; };
		5D38DA5C176D2E5A00B793BD /* hair_animation_6@2x.png in Resources */ = {isa = PBXBuildFile; fileRef = 5D38DA52176D2E5A00B793BD /* hair_animation_6@2x.png */; };
		5D38DA5D176D2E5A00B793BD /* hair_animation_7@2x.png in Resources */ = {isa = PBXBuildFile; fileRef = 5D38DA53176D2E5A00B793BD /* hair_animation_7@2x.png */; };
		5D38DA5E176D2E5A00B793BD /* hair_animation_8@2x.png in Resources */ = {isa = PBXBuildFile; fileRef = 5D38DA54176D2E5A00B793BD /* hair_animation_8@2x.png */; };
		5D38DA5F176D2E5A00B793BD /* hair_animation_9@2x.png in Resources */ = {isa = PBXBuildFile; fileRef = 5D38DA55176D2E5A00B793BD /* hair_animation_9@2x.png */; };
		5D38DA60176D2E5A00B793BD /* hair_animation_10@2x.png in Resources */ = {isa = PBXBuildFile; fileRef = 5D38DA56176D2E5A00B793BD /* hair_animation_10@2x.png */; };
		5D38DA74176D35AF00B793BD /* CalloutView.xib in Resources */ = {isa = PBXBuildFile; fileRef = 5D38DA73176D35AF00B793BD /* CalloutView.xib */; };
		5D38DA76176D362000B793BD /* DetailContainer@2x.png in Resources */ = {isa = PBXBuildFile; fileRef = 5D38DA75176D362000B793BD /* DetailContainer@2x.png */; };
		5DB56E36176D3DD300E87987 /* filter_btn_active@2x.png in Resources */ = {isa = PBXBuildFile; fileRef = 5DB56E31176D3DD300E87987 /* filter_btn_active@2x.png */; };
		5DB56E37176D3DD300E87987 /* filter_btn@2x.png in Resources */ = {isa = PBXBuildFile; fileRef = 5DB56E32176D3DD300E87987 /* filter_btn@2x.png */; };
		5DB56E38176D3DD300E87987 /* search_btn_active@2x.png in Resources */ = {isa = PBXBuildFile; fileRef = 5DB56E33176D3DD300E87987 /* search_btn_active@2x.png */; };
		5DB56E39176D3DD300E87987 /* search_btn@2x.png in Resources */ = {isa = PBXBuildFile; fileRef = 5DB56E34176D3DD300E87987 /* search_btn@2x.png */; };
		5DB56E3F176D469C00E87987 /* KloutFlag@2x.png in Resources */ = {isa = PBXBuildFile; fileRef = 5DB56E3D176D469C00E87987 /* KloutFlag@2x.png */; };
		5DB56E43176D47B500E87987 /* CalloutView.m in Sources */ = {isa = PBXBuildFile; fileRef = 5DB56E42176D47B500E87987 /* CalloutView.m */; };
		5DB56E56176D4A0600E87987 /* bubble_animation_1@2x.png in Resources */ = {isa = PBXBuildFile; fileRef = 5DB56E44176D4A0600E87987 /* bubble_animation_1@2x.png */; };
		5DB56E57176D4A0600E87987 /* bubble_animation_2@2x.png in Resources */ = {isa = PBXBuildFile; fileRef = 5DB56E45176D4A0600E87987 /* bubble_animation_2@2x.png */; };
		5DB56E58176D4A0600E87987 /* bubble_animation_3@2x.png in Resources */ = {isa = PBXBuildFile; fileRef = 5DB56E46176D4A0600E87987 /* bubble_animation_3@2x.png */; };
		5DB56E59176D4A0600E87987 /* bubble_animation_4@2x.png in Resources */ = {isa = PBXBuildFile; fileRef = 5DB56E47176D4A0600E87987 /* bubble_animation_4@2x.png */; };
		5DB56E5A176D4A0600E87987 /* bubble_animation_5@2x.png in Resources */ = {isa = PBXBuildFile; fileRef = 5DB56E48176D4A0600E87987 /* bubble_animation_5@2x.png */; };
		5DB56E5B176D4A0600E87987 /* bubble_animation_6@2x.png in Resources */ = {isa = PBXBuildFile; fileRef = 5DB56E49176D4A0600E87987 /* bubble_animation_6@2x.png */; };
		5DB56E5C176D4A0600E87987 /* bubble_animation_7@2x.png in Resources */ = {isa = PBXBuildFile; fileRef = 5DB56E4A176D4A0600E87987 /* bubble_animation_7@2x.png */; };
		5DB56E5D176D4A0600E87987 /* bubble_animation_8@2x.png in Resources */ = {isa = PBXBuildFile; fileRef = 5DB56E4B176D4A0600E87987 /* bubble_animation_8@2x.png */; };
		5DB56E5E176D4A0600E87987 /* bubble_animation_9@2x.png in Resources */ = {isa = PBXBuildFile; fileRef = 5DB56E4C176D4A0600E87987 /* bubble_animation_9@2x.png */; };
		5DB56E5F176D4A0600E87987 /* bubble2_animation_1@2x.png in Resources */ = {isa = PBXBuildFile; fileRef = 5DB56E4D176D4A0600E87987 /* bubble2_animation_1@2x.png */; };
		5DB56E60176D4A0600E87987 /* bubble2_animation_2@2x.png in Resources */ = {isa = PBXBuildFile; fileRef = 5DB56E4E176D4A0600E87987 /* bubble2_animation_2@2x.png */; };
		5DB56E61176D4A0600E87987 /* bubble2_animation_3@2x.png in Resources */ = {isa = PBXBuildFile; fileRef = 5DB56E4F176D4A0600E87987 /* bubble2_animation_3@2x.png */; };
		5DB56E62176D4A0600E87987 /* bubble2_animation_4@2x.png in Resources */ = {isa = PBXBuildFile; fileRef = 5DB56E50176D4A0600E87987 /* bubble2_animation_4@2x.png */; };
		5DB56E63176D4A0600E87987 /* bubble2_animation_5@2x.png in Resources */ = {isa = PBXBuildFile; fileRef = 5DB56E51176D4A0600E87987 /* bubble2_animation_5@2x.png */; };
		5DB56E64176D4A0600E87987 /* bubble2_animation_6@2x.png in Resources */ = {isa = PBXBuildFile; fileRef = 5DB56E52176D4A0600E87987 /* bubble2_animation_6@2x.png */; };
		5DB56E65176D4A0600E87987 /* bubble2_animation_7@2x.png in Resources */ = {isa = PBXBuildFile; fileRef = 5DB56E53176D4A0600E87987 /* bubble2_animation_7@2x.png */; };
		5DB56E66176D4A0600E87987 /* bubble2_animation_8@2x.png in Resources */ = {isa = PBXBuildFile; fileRef = 5DB56E54176D4A0600E87987 /* bubble2_animation_8@2x.png */; };
		5DB56E67176D4A0600E87987 /* bubble2_animation_9@2x.png in Resources */ = {isa = PBXBuildFile; fileRef = 5DB56E55176D4A0600E87987 /* bubble2_animation_9@2x.png */; };
		5DB56E71176D4A1000E87987 /* smoke_animation_1@2x.png in Resources */ = {isa = PBXBuildFile; fileRef = 5DB56E68176D4A1000E87987 /* smoke_animation_1@2x.png */; };
		5DB56E72176D4A1000E87987 /* smoke_animation_2@2x.png in Resources */ = {isa = PBXBuildFile; fileRef = 5DB56E69176D4A1000E87987 /* smoke_animation_2@2x.png */; };
		5DB56E73176D4A1000E87987 /* smoke_animation_3@2x.png in Resources */ = {isa = PBXBuildFile; fileRef = 5DB56E6A176D4A1000E87987 /* smoke_animation_3@2x.png */; };
		5DB56E74176D4A1000E87987 /* smoke_animation_4@2x.png in Resources */ = {isa = PBXBuildFile; fileRef = 5DB56E6B176D4A1000E87987 /* smoke_animation_4@2x.png */; };
		5DB56E75176D4A1000E87987 /* smoke_animation_5@2x.png in Resources */ = {isa = PBXBuildFile; fileRef = 5DB56E6C176D4A1000E87987 /* smoke_animation_5@2x.png */; };
		5DB56E76176D4A1000E87987 /* smoke_animation_6@2x.png in Resources */ = {isa = PBXBuildFile; fileRef = 5DB56E6D176D4A1000E87987 /* smoke_animation_6@2x.png */; };
		5DB56E77176D4A1000E87987 /* smoke_animation_7@2x.png in Resources */ = {isa = PBXBuildFile; fileRef = 5DB56E6E176D4A1000E87987 /* smoke_animation_7@2x.png */; };
		5DB56E78176D4A1000E87987 /* smoke_animation_8@2x.png in Resources */ = {isa = PBXBuildFile; fileRef = 5DB56E6F176D4A1000E87987 /* smoke_animation_8@2x.png */; };
		5DB56E79176D4A1000E87987 /* smoke_animation_9@2x.png in Resources */ = {isa = PBXBuildFile; fileRef = 5DB56E70176D4A1000E87987 /* smoke_animation_9@2x.png */; };
		5DB56E7E176D4A1F00E87987 /* gear_left@2x.png in Resources */ = {isa = PBXBuildFile; fileRef = 5DB56E7A176D4A1F00E87987 /* gear_left@2x.png */; };
		5DB56E7F176D4A1F00E87987 /* gear_middle@2x.png in Resources */ = {isa = PBXBuildFile; fileRef = 5DB56E7B176D4A1F00E87987 /* gear_middle@2x.png */; };
		5DB56E80176D4A1F00E87987 /* gear_right@2x.png in Resources */ = {isa = PBXBuildFile; fileRef = 5DB56E7C176D4A1F00E87987 /* gear_right@2x.png */; };
		5DB56E81176D4A1F00E87987 /* search_lab@2x.png in Resources */ = {isa = PBXBuildFile; fileRef = 5DB56E7D176D4A1F00E87987 /* search_lab@2x.png */; };
		5DE1F220176C1451005FC735 /* GradientView.xib in Resources */ = {isa = PBXBuildFile; fileRef = 5DE1F21F176C1451005FC735 /* GradientView.xib */; };
		5DE1F223176C1531005FC735 /* GradientView.m in Sources */ = {isa = PBXBuildFile; fileRef = 5DE1F222176C1530005FC735 /* GradientView.m */; };
		5DE1F225176C39CE005FC735 /* QuartzCore.framework in Frameworks */ = {isa = PBXBuildFile; fileRef = 5DE1F224176C39CE005FC735 /* QuartzCore.framework */; };
		5DF69EF0176D71B900AA4BD1 /* beakers_animation_1@2x.png in Resources */ = {isa = PBXBuildFile; fileRef = 5DF69EEA176D71B900AA4BD1 /* beakers_animation_1@2x.png */; };
		5DF69EF1176D71B900AA4BD1 /* beakers_animation_2@2x.png in Resources */ = {isa = PBXBuildFile; fileRef = 5DF69EEB176D71B900AA4BD1 /* beakers_animation_2@2x.png */; };
		5DF69EF2176D71B900AA4BD1 /* beakers_animation_3@2x.png in Resources */ = {isa = PBXBuildFile; fileRef = 5DF69EEC176D71B900AA4BD1 /* beakers_animation_3@2x.png */; };
		5DF69EF3176D71B900AA4BD1 /* beakers_animation_4@2x.png in Resources */ = {isa = PBXBuildFile; fileRef = 5DF69EED176D71B900AA4BD1 /* beakers_animation_4@2x.png */; };
		5DF69EF4176D71B900AA4BD1 /* beakers_animation_5@2x.png in Resources */ = {isa = PBXBuildFile; fileRef = 5DF69EEE176D71B900AA4BD1 /* beakers_animation_5@2x.png */; };
		5DF69EF5176D71B900AA4BD1 /* beakers_animation_6@2x.png in Resources */ = {isa = PBXBuildFile; fileRef = 5DF69EEF176D71B900AA4BD1 /* beakers_animation_6@2x.png */; };
		5DF69F11176D731400AA4BD1 /* orange_animation_1@2x.png in Resources */ = {isa = PBXBuildFile; fileRef = 5DF69F08176D731400AA4BD1 /* orange_animation_1@2x.png */; };
		5DF69F12176D731400AA4BD1 /* orange_animation_2@2x.png in Resources */ = {isa = PBXBuildFile; fileRef = 5DF69F09176D731400AA4BD1 /* orange_animation_2@2x.png */; };
		5DF69F13176D731400AA4BD1 /* orange_animation_3@2x.png in Resources */ = {isa = PBXBuildFile; fileRef = 5DF69F0A176D731400AA4BD1 /* orange_animation_3@2x.png */; };
		5DF69F14176D731400AA4BD1 /* orange_animation_4@2x.png in Resources */ = {isa = PBXBuildFile; fileRef = 5DF69F0B176D731400AA4BD1 /* orange_animation_4@2x.png */; };
		5DF69F15176D731400AA4BD1 /* orange_animation_5@2x.png in Resources */ = {isa = PBXBuildFile; fileRef = 5DF69F0C176D731400AA4BD1 /* orange_animation_5@2x.png */; };
		5DF69F16176D731400AA4BD1 /* orange_animation_6@2x.png in Resources */ = {isa = PBXBuildFile; fileRef = 5DF69F0D176D731400AA4BD1 /* orange_animation_6@2x.png */; };
		5DF69F17176D731400AA4BD1 /* orange_animation_7@2x.png in Resources */ = {isa = PBXBuildFile; fileRef = 5DF69F0E176D731400AA4BD1 /* orange_animation_7@2x.png */; };
		5DF69F18176D731400AA4BD1 /* orange_animation_8@2x.png in Resources */ = {isa = PBXBuildFile; fileRef = 5DF69F0F176D731400AA4BD1 /* orange_animation_8@2x.png */; };
		5DF69F19176D731400AA4BD1 /* orange_animation_9@2x.png in Resources */ = {isa = PBXBuildFile; fileRef = 5DF69F10176D731400AA4BD1 /* orange_animation_9@2x.png */; };
		5DF69F23176D731E00AA4BD1 /* yellow_animation_1@2x.png in Resources */ = {isa = PBXBuildFile; fileRef = 5DF69F1A176D731E00AA4BD1 /* yellow_animation_1@2x.png */; };
		5DF69F24176D731E00AA4BD1 /* yellow_animation_2@2x.png in Resources */ = {isa = PBXBuildFile; fileRef = 5DF69F1B176D731E00AA4BD1 /* yellow_animation_2@2x.png */; };
		5DF69F25176D731E00AA4BD1 /* yellow_animation_3@2x.png in Resources */ = {isa = PBXBuildFile; fileRef = 5DF69F1C176D731E00AA4BD1 /* yellow_animation_3@2x.png */; };
		5DF69F26176D731E00AA4BD1 /* yellow_animation_4@2x.png in Resources */ = {isa = PBXBuildFile; fileRef = 5DF69F1D176D731E00AA4BD1 /* yellow_animation_4@2x.png */; };
		5DF69F27176D731E00AA4BD1 /* yellow_animation_5@2x.png in Resources */ = {isa = PBXBuildFile; fileRef = 5DF69F1E176D731E00AA4BD1 /* yellow_animation_5@2x.png */; };
		5DF69F28176D731E00AA4BD1 /* yellow_animation_6@2x.png in Resources */ = {isa = PBXBuildFile; fileRef = 5DF69F1F176D731E00AA4BD1 /* yellow_animation_6@2x.png */; };
		5DF69F29176D731E00AA4BD1 /* yellow_animation_7@2x.png in Resources */ = {isa = PBXBuildFile; fileRef = 5DF69F20176D731E00AA4BD1 /* yellow_animation_7@2x.png */; };
		5DF69F2A176D731E00AA4BD1 /* yellow_animation_8@2x.png in Resources */ = {isa = PBXBuildFile; fileRef = 5DF69F21176D731E00AA4BD1 /* yellow_animation_8@2x.png */; };
		5DF69F2B176D731E00AA4BD1 /* yellow_animation_9@2x.png in Resources */ = {isa = PBXBuildFile; fileRef = 5DF69F22176D731E00AA4BD1 /* yellow_animation_9@2x.png */; };
		C38C22A74A1C49DAB43B47D1 /* libPods.a in Frameworks */ = {isa = PBXBuildFile; fileRef = 986731FC0DE148EF86BDDACC /* libPods.a */; };
/* End PBXBuildFile section */

/* Begin PBXFileReference section */
		5D1D2157176BA5CD0016DDCA /* Alchegnome.app */ = {isa = PBXFileReference; explicitFileType = wrapper.application; includeInIndex = 0; path = Alchegnome.app; sourceTree = BUILT_PRODUCTS_DIR; };
		5D1D215A176BA5CD0016DDCA /* UIKit.framework */ = {isa = PBXFileReference; lastKnownFileType = wrapper.framework; name = UIKit.framework; path = System/Library/Frameworks/UIKit.framework; sourceTree = SDKROOT; };
		5D1D215C176BA5CD0016DDCA /* Foundation.framework */ = {isa = PBXFileReference; lastKnownFileType = wrapper.framework; name = Foundation.framework; path = System/Library/Frameworks/Foundation.framework; sourceTree = SDKROOT; };
		5D1D215E176BA5CD0016DDCA /* CoreGraphics.framework */ = {isa = PBXFileReference; lastKnownFileType = wrapper.framework; name = CoreGraphics.framework; path = System/Library/Frameworks/CoreGraphics.framework; sourceTree = SDKROOT; };
		5D1D2162176BA5CD0016DDCA /* Alchegnome-Info.plist */ = {isa = PBXFileReference; lastKnownFileType = text.plist.xml; path = "Alchegnome-Info.plist"; sourceTree = "<group>"; };
		5D1D2164176BA5CD0016DDCA /* en */ = {isa = PBXFileReference; lastKnownFileType = text.plist.strings; name = en; path = en.lproj/InfoPlist.strings; sourceTree = "<group>"; };
		5D1D2166176BA5CD0016DDCA /* main.m */ = {isa = PBXFileReference; lastKnownFileType = sourcecode.c.objc; path = main.m; sourceTree = "<group>"; };
		5D1D2168176BA5CD0016DDCA /* Alchegnome-Prefix.pch */ = {isa = PBXFileReference; lastKnownFileType = sourcecode.c.h; path = "Alchegnome-Prefix.pch"; sourceTree = "<group>"; };
		5D1D2169176BA5CD0016DDCA /* AppDelegate.h */ = {isa = PBXFileReference; lastKnownFileType = sourcecode.c.h; path = AppDelegate.h; sourceTree = "<group>"; };
		5D1D216A176BA5CD0016DDCA /* AppDelegate.m */ = {isa = PBXFileReference; lastKnownFileType = sourcecode.c.objc; path = AppDelegate.m; sourceTree = "<group>"; };
		5D1D216C176BA5CD0016DDCA /* Default.png */ = {isa = PBXFileReference; lastKnownFileType = image.png; path = Default.png; sourceTree = "<group>"; };
		5D1D216E176BA5CD0016DDCA /* Default@2x.png */ = {isa = PBXFileReference; lastKnownFileType = image.png; path = "Default@2x.png"; sourceTree = "<group>"; };
		5D1D2170176BA5CD0016DDCA /* Default-568h@2x.png */ = {isa = PBXFileReference; lastKnownFileType = image.png; path = "Default-568h@2x.png"; sourceTree = "<group>"; };
		5D1D2177176BA6160016DDCA /* SearchViewController.h */ = {isa = PBXFileReference; fileEncoding = 4; lastKnownFileType = sourcecode.c.h; path = SearchViewController.h; sourceTree = "<group>"; };
		5D1D2178176BA6160016DDCA /* SearchViewController.m */ = {isa = PBXFileReference; fileEncoding = 4; lastKnownFileType = sourcecode.c.objc; path = SearchViewController.m; sourceTree = "<group>"; };
		5D1D217C176BA6B30016DDCA /* ResultsViewController.h */ = {isa = PBXFileReference; fileEncoding = 4; lastKnownFileType = sourcecode.c.h; path = ResultsViewController.h; sourceTree = "<group>"; };
		5D1D217D176BA6B30016DDCA /* ResultsViewController.m */ = {isa = PBXFileReference; fileEncoding = 4; lastKnownFileType = sourcecode.c.objc; path = ResultsViewController.m; sourceTree = "<group>"; };
		5D388D65176D7B3C00FB6536 /* green_animation_1@2x.png */ = {isa = PBXFileReference; lastKnownFileType = image.png; path = "green_animation_1@2x.png"; sourceTree = "<group>"; };
		5D388D66176D7B3C00FB6536 /* green_animation_2@2x.png */ = {isa = PBXFileReference; lastKnownFileType = image.png; path = "green_animation_2@2x.png"; sourceTree = "<group>"; };
		5D388D67176D7B3C00FB6536 /* green_animation_3@2x.png */ = {isa = PBXFileReference; lastKnownFileType = image.png; path = "green_animation_3@2x.png"; sourceTree = "<group>"; };
		5D388D68176D7B3C00FB6536 /* green_animation_4@2x.png */ = {isa = PBXFileReference; lastKnownFileType = image.png; path = "green_animation_4@2x.png"; sourceTree = "<group>"; };
		5D388D69176D7B3C00FB6536 /* green_animation_5@2x.png */ = {isa = PBXFileReference; lastKnownFileType = image.png; path = "green_animation_5@2x.png"; sourceTree = "<group>"; };
		5D388D6A176D7B3C00FB6536 /* green_animation_6@2x.png */ = {isa = PBXFileReference; lastKnownFileType = image.png; path = "green_animation_6@2x.png"; sourceTree = "<group>"; };
		5D388D6B176D7B3C00FB6536 /* green_animation_7@2x.png */ = {isa = PBXFileReference; lastKnownFileType = image.png; path = "green_animation_7@2x.png"; sourceTree = "<group>"; };
		5D388D6C176D7B3C00FB6536 /* green_animation_8@2x.png */ = {isa = PBXFileReference; lastKnownFileType = image.png; path = "green_animation_8@2x.png"; sourceTree = "<group>"; };
		5D388D6D176D7B3C00FB6536 /* green_animation_9@2x.png */ = {isa = PBXFileReference; lastKnownFileType = image.png; path = "green_animation_9@2x.png"; sourceTree = "<group>"; };
		5D388D77176D84AE00FB6536 /* ToggleBtnA@2x.png */ = {isa = PBXFileReference; lastKnownFileType = image.png; path = "ToggleBtnA@2x.png"; sourceTree = "<group>"; };
		5D388D78176D84AF00FB6536 /* ToggleBtnB@2x.png */ = {isa = PBXFileReference; lastKnownFileType = image.png; path = "ToggleBtnB@2x.png"; sourceTree = "<group>"; };
		5D388D7B176D84F200FB6536 /* BackBtn@2x.png */ = {isa = PBXFileReference; lastKnownFileType = image.png; path = "BackBtn@2x.png"; sourceTree = "<group>"; };
		5D388D7D176D996400FB6536 /* DIN-Bold.otf */ = {isa = PBXFileReference; lastKnownFileType = file; path = "DIN-Bold.otf"; sourceTree = "<group>"; };
		5D38DA21176CD48800B793BD /* ResultsViewController.xib */ = {isa = PBXFileReference; fileEncoding = 4; lastKnownFileType = file.xib; path = ResultsViewController.xib; sourceTree = "<group>"; };
		5D38DA23176D011900B793BD /* TweetResult.h */ = {isa = PBXFileReference; fileEncoding = 4; lastKnownFileType = sourcecode.c.h; path = TweetResult.h; sourceTree = "<group>"; };
		5D38DA24176D011A00B793BD /* TweetResult.m */ = {isa = PBXFileReference; fileEncoding = 4; lastKnownFileType = sourcecode.c.objc; path = TweetResult.m; sourceTree = "<group>"; };
		5D38DA2F176D21C700B793BD /* search_bg@2x.png */ = {isa = PBXFileReference; lastKnownFileType = image.png; path = "search_bg@2x.png"; sourceTree = "<group>"; };
		5D38DA33176D220000B793BD /* SearchViewController.xib */ = {isa = PBXFileReference; fileEncoding = 4; lastKnownFileType = file.xib; path = SearchViewController.xib; sourceTree = "<group>"; };
		5D38DA35176D283000B793BD /* KlinicSlabBold.otf */ = {isa = PBXFileReference; lastKnownFileType = file; path = KlinicSlabBold.otf; sourceTree = "<group>"; };
		5D38DA36176D283000B793BD /* KlinicSlabBook.otf */ = {isa = PBXFileReference; lastKnownFileType = file; path = KlinicSlabBook.otf; sourceTree = "<group>"; };
		5D38DA4D176D2E5A00B793BD /* hair_animation_1@2x.png */ = {isa = PBXFileReference; lastKnownFileType = image.png; path = "hair_animation_1@2x.png"; sourceTree = "<group>"; };
		5D38DA4E176D2E5A00B793BD /* hair_animation_2@2x.png */ = {isa = PBXFileReference; lastKnownFileType = image.png; path = "hair_animation_2@2x.png"; sourceTree = "<group>"; };
		5D38DA4F176D2E5A00B793BD /* hair_animation_3@2x.png */ = {isa = PBXFileReference; lastKnownFileType = image.png; path = "hair_animation_3@2x.png"; sourceTree = "<group>"; };
		5D38DA50176D2E5A00B793BD /* hair_animation_4@2x.png */ = {isa = PBXFileReference; lastKnownFileType = image.png; path = "hair_animation_4@2x.png"; sourceTree = "<group>"; };
		5D38DA51176D2E5A00B793BD /* hair_animation_5@2x.png */ = {isa = PBXFileReference; lastKnownFileType = image.png; path = "hair_animation_5@2x.png"; sourceTree = "<group>"; };
		5D38DA52176D2E5A00B793BD /* hair_animation_6@2x.png */ = {isa = PBXFileReference; lastKnownFileType = image.png; path = "hair_animation_6@2x.png"; sourceTree = "<group>"; };
		5D38DA53176D2E5A00B793BD /* hair_animation_7@2x.png */ = {isa = PBXFileReference; lastKnownFileType = image.png; path = "hair_animation_7@2x.png"; sourceTree = "<group>"; };
		5D38DA54176D2E5A00B793BD /* hair_animation_8@2x.png */ = {isa = PBXFileReference; lastKnownFileType = image.png; path = "hair_animation_8@2x.png"; sourceTree = "<group>"; };
		5D38DA55176D2E5A00B793BD /* hair_animation_9@2x.png */ = {isa = PBXFileReference; lastKnownFileType = image.png; path = "hair_animation_9@2x.png"; sourceTree = "<group>"; };
		5D38DA56176D2E5A00B793BD /* hair_animation_10@2x.png */ = {isa = PBXFileReference; lastKnownFileType = image.png; path = "hair_animation_10@2x.png"; sourceTree = "<group>"; };
		5D38DA73176D35AF00B793BD /* CalloutView.xib */ = {isa = PBXFileReference; fileEncoding = 4; lastKnownFileType = file.xib; path = CalloutView.xib; sourceTree = "<group>"; };
		5D38DA75176D362000B793BD /* DetailContainer@2x.png */ = {isa = PBXFileReference; lastKnownFileType = image.png; path = "DetailContainer@2x.png"; sourceTree = "<group>"; };
		5DB56E31176D3DD300E87987 /* filter_btn_active@2x.png */ = {isa = PBXFileReference; lastKnownFileType = image.png; path = "filter_btn_active@2x.png"; sourceTree = "<group>"; };
		5DB56E32176D3DD300E87987 /* filter_btn@2x.png */ = {isa = PBXFileReference; lastKnownFileType = image.png; path = "filter_btn@2x.png"; sourceTree = "<group>"; };
		5DB56E33176D3DD300E87987 /* search_btn_active@2x.png */ = {isa = PBXFileReference; lastKnownFileType = image.png; path = "search_btn_active@2x.png"; sourceTree = "<group>"; };
		5DB56E34176D3DD300E87987 /* search_btn@2x.png */ = {isa = PBXFileReference; lastKnownFileType = image.png; path = "search_btn@2x.png"; sourceTree = "<group>"; };
		5DB56E3D176D469C00E87987 /* KloutFlag@2x.png */ = {isa = PBXFileReference; lastKnownFileType = image.png; path = "KloutFlag@2x.png"; sourceTree = "<group>"; };
		5DB56E41176D47B500E87987 /* CalloutView.h */ = {isa = PBXFileReference; fileEncoding = 4; lastKnownFileType = sourcecode.c.h; path = CalloutView.h; sourceTree = "<group>"; };
		5DB56E42176D47B500E87987 /* CalloutView.m */ = {isa = PBXFileReference; fileEncoding = 4; lastKnownFileType = sourcecode.c.objc; path = CalloutView.m; sourceTree = "<group>"; };
		5DB56E44176D4A0600E87987 /* bubble_animation_1@2x.png */ = {isa = PBXFileReference; lastKnownFileType = image.png; path = "bubble_animation_1@2x.png"; sourceTree = "<group>"; };
		5DB56E45176D4A0600E87987 /* bubble_animation_2@2x.png */ = {isa = PBXFileReference; lastKnownFileType = image.png; path = "bubble_animation_2@2x.png"; sourceTree = "<group>"; };
		5DB56E46176D4A0600E87987 /* bubble_animation_3@2x.png */ = {isa = PBXFileReference; lastKnownFileType = image.png; path = "bubble_animation_3@2x.png"; sourceTree = "<group>"; };
		5DB56E47176D4A0600E87987 /* bubble_animation_4@2x.png */ = {isa = PBXFileReference; lastKnownFileType = image.png; path = "bubble_animation_4@2x.png"; sourceTree = "<group>"; };
		5DB56E48176D4A0600E87987 /* bubble_animation_5@2x.png */ = {isa = PBXFileReference; lastKnownFileType = image.png; path = "bubble_animation_5@2x.png"; sourceTree = "<group>"; };
		5DB56E49176D4A0600E87987 /* bubble_animation_6@2x.png */ = {isa = PBXFileReference; lastKnownFileType = image.png; path = "bubble_animation_6@2x.png"; sourceTree = "<group>"; };
		5DB56E4A176D4A0600E87987 /* bubble_animation_7@2x.png */ = {isa = PBXFileReference; lastKnownFileType = image.png; path = "bubble_animation_7@2x.png"; sourceTree = "<group>"; };
		5DB56E4B176D4A0600E87987 /* bubble_animation_8@2x.png */ = {isa = PBXFileReference; lastKnownFileType = image.png; path = "bubble_animation_8@2x.png"; sourceTree = "<group>"; };
		5DB56E4C176D4A0600E87987 /* bubble_animation_9@2x.png */ = {isa = PBXFileReference; lastKnownFileType = image.png; path = "bubble_animation_9@2x.png"; sourceTree = "<group>"; };
		5DB56E4D176D4A0600E87987 /* bubble2_animation_1@2x.png */ = {isa = PBXFileReference; lastKnownFileType = image.png; path = "bubble2_animation_1@2x.png"; sourceTree = "<group>"; };
		5DB56E4E176D4A0600E87987 /* bubble2_animation_2@2x.png */ = {isa = PBXFileReference; lastKnownFileType = image.png; path = "bubble2_animation_2@2x.png"; sourceTree = "<group>"; };
		5DB56E4F176D4A0600E87987 /* bubble2_animation_3@2x.png */ = {isa = PBXFileReference; lastKnownFileType = image.png; path = "bubble2_animation_3@2x.png"; sourceTree = "<group>"; };
		5DB56E50176D4A0600E87987 /* bubble2_animation_4@2x.png */ = {isa = PBXFileReference; lastKnownFileType = image.png; path = "bubble2_animation_4@2x.png"; sourceTree = "<group>"; };
		5DB56E51176D4A0600E87987 /* bubble2_animation_5@2x.png */ = {isa = PBXFileReference; lastKnownFileType = image.png; path = "bubble2_animation_5@2x.png"; sourceTree = "<group>"; };
		5DB56E52176D4A0600E87987 /* bubble2_animation_6@2x.png */ = {isa = PBXFileReference; lastKnownFileType = image.png; path = "bubble2_animation_6@2x.png"; sourceTree = "<group>"; };
		5DB56E53176D4A0600E87987 /* bubble2_animation_7@2x.png */ = {isa = PBXFileReference; lastKnownFileType = image.png; path = "bubble2_animation_7@2x.png"; sourceTree = "<group>"; };
		5DB56E54176D4A0600E87987 /* bubble2_animation_8@2x.png */ = {isa = PBXFileReference; lastKnownFileType = image.png; path = "bubble2_animation_8@2x.png"; sourceTree = "<group>"; };
		5DB56E55176D4A0600E87987 /* bubble2_animation_9@2x.png */ = {isa = PBXFileReference; lastKnownFileType = image.png; path = "bubble2_animation_9@2x.png"; sourceTree = "<group>"; };
		5DB56E68176D4A1000E87987 /* smoke_animation_1@2x.png */ = {isa = PBXFileReference; lastKnownFileType = image.png; path = "smoke_animation_1@2x.png"; sourceTree = "<group>"; };
		5DB56E69176D4A1000E87987 /* smoke_animation_2@2x.png */ = {isa = PBXFileReference; lastKnownFileType = image.png; path = "smoke_animation_2@2x.png"; sourceTree = "<group>"; };
		5DB56E6A176D4A1000E87987 /* smoke_animation_3@2x.png */ = {isa = PBXFileReference; lastKnownFileType = image.png; path = "smoke_animation_3@2x.png"; sourceTree = "<group>"; };
		5DB56E6B176D4A1000E87987 /* smoke_animation_4@2x.png */ = {isa = PBXFileReference; lastKnownFileType = image.png; path = "smoke_animation_4@2x.png"; sourceTree = "<group>"; };
		5DB56E6C176D4A1000E87987 /* smoke_animation_5@2x.png */ = {isa = PBXFileReference; lastKnownFileType = image.png; path = "smoke_animation_5@2x.png"; sourceTree = "<group>"; };
		5DB56E6D176D4A1000E87987 /* smoke_animation_6@2x.png */ = {isa = PBXFileReference; lastKnownFileType = image.png; path = "smoke_animation_6@2x.png"; sourceTree = "<group>"; };
		5DB56E6E176D4A1000E87987 /* smoke_animation_7@2x.png */ = {isa = PBXFileReference; lastKnownFileType = image.png; path = "smoke_animation_7@2x.png"; sourceTree = "<group>"; };
		5DB56E6F176D4A1000E87987 /* smoke_animation_8@2x.png */ = {isa = PBXFileReference; lastKnownFileType = image.png; path = "smoke_animation_8@2x.png"; sourceTree = "<group>"; };
		5DB56E70176D4A1000E87987 /* smoke_animation_9@2x.png */ = {isa = PBXFileReference; lastKnownFileType = image.png; path = "smoke_animation_9@2x.png"; sourceTree = "<group>"; };
		5DB56E7A176D4A1F00E87987 /* gear_left@2x.png */ = {isa = PBXFileReference; lastKnownFileType = image.png; path = "gear_left@2x.png"; sourceTree = "<group>"; };
		5DB56E7B176D4A1F00E87987 /* gear_middle@2x.png */ = {isa = PBXFileReference; lastKnownFileType = image.png; path = "gear_middle@2x.png"; sourceTree = "<group>"; };
		5DB56E7C176D4A1F00E87987 /* gear_right@2x.png */ = {isa = PBXFileReference; lastKnownFileType = image.png; path = "gear_right@2x.png"; sourceTree = "<group>"; };
		5DB56E7D176D4A1F00E87987 /* search_lab@2x.png */ = {isa = PBXFileReference; lastKnownFileType = image.png; path = "search_lab@2x.png"; sourceTree = "<group>"; };
		5DE1F21F176C1451005FC735 /* GradientView.xib */ = {isa = PBXFileReference; fileEncoding = 4; lastKnownFileType = file.xib; path = GradientView.xib; sourceTree = "<group>"; };
		5DE1F221176C1530005FC735 /* GradientView.h */ = {isa = PBXFileReference; fileEncoding = 4; lastKnownFileType = sourcecode.c.h; path = GradientView.h; sourceTree = "<group>"; };
		5DE1F222176C1530005FC735 /* GradientView.m */ = {isa = PBXFileReference; fileEncoding = 4; lastKnownFileType = sourcecode.c.objc; path = GradientView.m; sourceTree = "<group>"; };
		5DE1F224176C39CE005FC735 /* QuartzCore.framework */ = {isa = PBXFileReference; lastKnownFileType = wrapper.framework; name = QuartzCore.framework; path = System/Library/Frameworks/QuartzCore.framework; sourceTree = SDKROOT; };
		5DF69EEA176D71B900AA4BD1 /* beakers_animation_1@2x.png */ = {isa = PBXFileReference; lastKnownFileType = image.png; path = "beakers_animation_1@2x.png"; sourceTree = "<group>"; };
		5DF69EEB176D71B900AA4BD1 /* beakers_animation_2@2x.png */ = {isa = PBXFileReference; lastKnownFileType = image.png; path = "beakers_animation_2@2x.png"; sourceTree = "<group>"; };
		5DF69EEC176D71B900AA4BD1 /* beakers_animation_3@2x.png */ = {isa = PBXFileReference; lastKnownFileType = image.png; path = "beakers_animation_3@2x.png"; sourceTree = "<group>"; };
		5DF69EED176D71B900AA4BD1 /* beakers_animation_4@2x.png */ = {isa = PBXFileReference; lastKnownFileType = image.png; path = "beakers_animation_4@2x.png"; sourceTree = "<group>"; };
		5DF69EEE176D71B900AA4BD1 /* beakers_animation_5@2x.png */ = {isa = PBXFileReference; lastKnownFileType = image.png; path = "beakers_animation_5@2x.png"; sourceTree = "<group>"; };
		5DF69EEF176D71B900AA4BD1 /* beakers_animation_6@2x.png */ = {isa = PBXFileReference; lastKnownFileType = image.png; path = "beakers_animation_6@2x.png"; sourceTree = "<group>"; };
		5DF69F08176D731400AA4BD1 /* orange_animation_1@2x.png */ = {isa = PBXFileReference; lastKnownFileType = image.png; path = "orange_animation_1@2x.png"; sourceTree = "<group>"; };
		5DF69F09176D731400AA4BD1 /* orange_animation_2@2x.png */ = {isa = PBXFileReference; lastKnownFileType = image.png; path = "orange_animation_2@2x.png"; sourceTree = "<group>"; };
		5DF69F0A176D731400AA4BD1 /* orange_animation_3@2x.png */ = {isa = PBXFileReference; lastKnownFileType = image.png; path = "orange_animation_3@2x.png"; sourceTree = "<group>"; };
		5DF69F0B176D731400AA4BD1 /* orange_animation_4@2x.png */ = {isa = PBXFileReference; lastKnownFileType = image.png; path = "orange_animation_4@2x.png"; sourceTree = "<group>"; };
		5DF69F0C176D731400AA4BD1 /* orange_animation_5@2x.png */ = {isa = PBXFileReference; lastKnownFileType = image.png; path = "orange_animation_5@2x.png"; sourceTree = "<group>"; };
		5DF69F0D176D731400AA4BD1 /* orange_animation_6@2x.png */ = {isa = PBXFileReference; lastKnownFileType = image.png; path = "orange_animation_6@2x.png"; sourceTree = "<group>"; };
		5DF69F0E176D731400AA4BD1 /* orange_animation_7@2x.png */ = {isa = PBXFileReference; lastKnownFileType = image.png; path = "orange_animation_7@2x.png"; sourceTree = "<group>"; };
		5DF69F0F176D731400AA4BD1 /* orange_animation_8@2x.png */ = {isa = PBXFileReference; lastKnownFileType = image.png; path = "orange_animation_8@2x.png"; sourceTree = "<group>"; };
		5DF69F10176D731400AA4BD1 /* orange_animation_9@2x.png */ = {isa = PBXFileReference; lastKnownFileType = image.png; path = "orange_animation_9@2x.png"; sourceTree = "<group>"; };
		5DF69F1A176D731E00AA4BD1 /* yellow_animation_1@2x.png */ = {isa = PBXFileReference; lastKnownFileType = image.png; path = "yellow_animation_1@2x.png"; sourceTree = "<group>"; };
		5DF69F1B176D731E00AA4BD1 /* yellow_animation_2@2x.png */ = {isa = PBXFileReference; lastKnownFileType = image.png; path = "yellow_animation_2@2x.png"; sourceTree = "<group>"; };
		5DF69F1C176D731E00AA4BD1 /* yellow_animation_3@2x.png */ = {isa = PBXFileReference; lastKnownFileType = image.png; path = "yellow_animation_3@2x.png"; sourceTree = "<group>"; };
		5DF69F1D176D731E00AA4BD1 /* yellow_animation_4@2x.png */ = {isa = PBXFileReference; lastKnownFileType = image.png; path = "yellow_animation_4@2x.png"; sourceTree = "<group>"; };
		5DF69F1E176D731E00AA4BD1 /* yellow_animation_5@2x.png */ = {isa = PBXFileReference; lastKnownFileType = image.png; path = "yellow_animation_5@2x.png"; sourceTree = "<group>"; };
		5DF69F1F176D731E00AA4BD1 /* yellow_animation_6@2x.png */ = {isa = PBXFileReference; lastKnownFileType = image.png; path = "yellow_animation_6@2x.png"; sourceTree = "<group>"; };
		5DF69F20176D731E00AA4BD1 /* yellow_animation_7@2x.png */ = {isa = PBXFileReference; lastKnownFileType = image.png; path = "yellow_animation_7@2x.png"; sourceTree = "<group>"; };
		5DF69F21176D731E00AA4BD1 /* yellow_animation_8@2x.png */ = {isa = PBXFileReference; lastKnownFileType = image.png; path = "yellow_animation_8@2x.png"; sourceTree = "<group>"; };
		5DF69F22176D731E00AA4BD1 /* yellow_animation_9@2x.png */ = {isa = PBXFileReference; lastKnownFileType = image.png; path = "yellow_animation_9@2x.png"; sourceTree = "<group>"; };
		986731FC0DE148EF86BDDACC /* libPods.a */ = {isa = PBXFileReference; explicitFileType = archive.ar; includeInIndex = 0; path = libPods.a; sourceTree = BUILT_PRODUCTS_DIR; };
		C0DA13F4072E489387DC8B56 /* Pods.xcconfig */ = {isa = PBXFileReference; includeInIndex = 1; lastKnownFileType = text.xcconfig; name = Pods.xcconfig; path = Pods/Pods.xcconfig; sourceTree = SOURCE_ROOT; };
/* End PBXFileReference section */

/* Begin PBXFrameworksBuildPhase section */
		5D1D2154176BA5CD0016DDCA /* Frameworks */ = {
			isa = PBXFrameworksBuildPhase;
			buildActionMask = 2147483647;
			files = (
				5DE1F225176C39CE005FC735 /* QuartzCore.framework in Frameworks */,
				5D1D215B176BA5CD0016DDCA /* UIKit.framework in Frameworks */,
				5D1D215D176BA5CD0016DDCA /* Foundation.framework in Frameworks */,
				5D1D215F176BA5CD0016DDCA /* CoreGraphics.framework in Frameworks */,
				C38C22A74A1C49DAB43B47D1 /* libPods.a in Frameworks */,
			);
			runOnlyForDeploymentPostprocessing = 0;
		};
/* End PBXFrameworksBuildPhase section */

/* Begin PBXGroup section */
		5D1D214E176BA5CD0016DDCA = {
			isa = PBXGroup;
			children = (
				5D1D2160176BA5CD0016DDCA /* Alchegnome */,
				5D1D2159176BA5CD0016DDCA /* Frameworks */,
				5D1D2158176BA5CD0016DDCA /* Products */,
				C0DA13F4072E489387DC8B56 /* Pods.xcconfig */,
			);
			sourceTree = "<group>";
		};
		5D1D2158176BA5CD0016DDCA /* Products */ = {
			isa = PBXGroup;
			children = (
				5D1D2157176BA5CD0016DDCA /* Alchegnome.app */,
			);
			name = Products;
			sourceTree = "<group>";
		};
		5D1D2159176BA5CD0016DDCA /* Frameworks */ = {
			isa = PBXGroup;
			children = (
				5DE1F224176C39CE005FC735 /* QuartzCore.framework */,
				5D1D215A176BA5CD0016DDCA /* UIKit.framework */,
				5D1D215C176BA5CD0016DDCA /* Foundation.framework */,
				5D1D215E176BA5CD0016DDCA /* CoreGraphics.framework */,
				986731FC0DE148EF86BDDACC /* libPods.a */,
			);
			name = Frameworks;
			sourceTree = "<group>";
		};
		5D1D2160176BA5CD0016DDCA /* Alchegnome */ = {
			isa = PBXGroup;
			children = (
				5D38DA28176D219A00B793BD /* Assets */,
				5D1D2161176BA5CD0016DDCA /* Supporting Files */,
				5D1D2169176BA5CD0016DDCA /* AppDelegate.h */,
				5D1D216A176BA5CD0016DDCA /* AppDelegate.m */,
				5DB56E41176D47B500E87987 /* CalloutView.h */,
				5DB56E42176D47B500E87987 /* CalloutView.m */,
				5D38DA73176D35AF00B793BD /* CalloutView.xib */,
				5DE1F221176C1530005FC735 /* GradientView.h */,
				5DE1F222176C1530005FC735 /* GradientView.m */,
				5DE1F21F176C1451005FC735 /* GradientView.xib */,
				5D1D2177176BA6160016DDCA /* SearchViewController.h */,
				5D1D2178176BA6160016DDCA /* SearchViewController.m */,
				5D38DA33176D220000B793BD /* SearchViewController.xib */,
				5D1D217C176BA6B30016DDCA /* ResultsViewController.h */,
				5D1D217D176BA6B30016DDCA /* ResultsViewController.m */,
				5D38DA21176CD48800B793BD /* ResultsViewController.xib */,
				5D38DA23176D011900B793BD /* TweetResult.h */,
				5D38DA24176D011A00B793BD /* TweetResult.m */,
			);
			path = Alchegnome;
			sourceTree = "<group>";
		};
		5D1D2161176BA5CD0016DDCA /* Supporting Files */ = {
			isa = PBXGroup;
			children = (
				5D1D2162176BA5CD0016DDCA /* Alchegnome-Info.plist */,
				5D1D2163176BA5CD0016DDCA /* InfoPlist.strings */,
				5D1D2166176BA5CD0016DDCA /* main.m */,
				5D1D2168176BA5CD0016DDCA /* Alchegnome-Prefix.pch */,
				5D1D216C176BA5CD0016DDCA /* Default.png */,
				5D1D216E176BA5CD0016DDCA /* Default@2x.png */,
				5D1D2170176BA5CD0016DDCA /* Default-568h@2x.png */,
			);
			name = "Supporting Files";
			sourceTree = "<group>";
		};
		5D38DA28176D219A00B793BD /* Assets */ = {
			isa = PBXGroup;
			children = (
				5D38DA78176D368300B793BD /* Fonts */,
				5D38DA77176D366B00B793BD /* Animations */,
				5DB56E7A176D4A1F00E87987 /* gear_left@2x.png */,
				5DB56E7B176D4A1F00E87987 /* gear_middle@2x.png */,
				5DB56E7C176D4A1F00E87987 /* gear_right@2x.png */,
				5DB56E7D176D4A1F00E87987 /* search_lab@2x.png */,
				5D38DA2F176D21C700B793BD /* search_bg@2x.png */,
				5DB56E31176D3DD300E87987 /* filter_btn_active@2x.png */,
				5DB56E32176D3DD300E87987 /* filter_btn@2x.png */,
				5DB56E33176D3DD300E87987 /* search_btn_active@2x.png */,
				5DB56E34176D3DD300E87987 /* search_btn@2x.png */,
				5D38DA75176D362000B793BD /* DetailContainer@2x.png */,
				5DB56E3D176D469C00E87987 /* KloutFlag@2x.png */,
				5D388D77176D84AE00FB6536 /* ToggleBtnA@2x.png */,
				5D388D78176D84AF00FB6536 /* ToggleBtnB@2x.png */,
				5D388D7B176D84F200FB6536 /* BackBtn@2x.png */,
			);
			name = Assets;
			sourceTree = "<group>";
		};
		5D38DA77176D366B00B793BD /* Animations */ = {
			isa = PBXGroup;
			children = (
				5DB56E44176D4A0600E87987 /* bubble_animation_1@2x.png */,
				5DB56E45176D4A0600E87987 /* bubble_animation_2@2x.png */,
				5DB56E46176D4A0600E87987 /* bubble_animation_3@2x.png */,
				5DB56E47176D4A0600E87987 /* bubble_animation_4@2x.png */,
				5DB56E48176D4A0600E87987 /* bubble_animation_5@2x.png */,
				5DB56E49176D4A0600E87987 /* bubble_animation_6@2x.png */,
				5DB56E4A176D4A0600E87987 /* bubble_animation_7@2x.png */,
				5DB56E4B176D4A0600E87987 /* bubble_animation_8@2x.png */,
				5DB56E4C176D4A0600E87987 /* bubble_animation_9@2x.png */,
				5DB56E4D176D4A0600E87987 /* bubble2_animation_1@2x.png */,
				5DB56E4E176D4A0600E87987 /* bubble2_animation_2@2x.png */,
				5DB56E4F176D4A0600E87987 /* bubble2_animation_3@2x.png */,
				5DB56E50176D4A0600E87987 /* bubble2_animation_4@2x.png */,
				5DB56E51176D4A0600E87987 /* bubble2_animation_5@2x.png */,
				5DB56E52176D4A0600E87987 /* bubble2_animation_6@2x.png */,
				5DB56E53176D4A0600E87987 /* bubble2_animation_7@2x.png */,
				5DB56E54176D4A0600E87987 /* bubble2_animation_8@2x.png */,
				5DB56E55176D4A0600E87987 /* bubble2_animation_9@2x.png */,
				5D38DA4D176D2E5A00B793BD /* hair_animation_1@2x.png */,
				5D38DA4E176D2E5A00B793BD /* hair_animation_2@2x.png */,
				5D38DA4F176D2E5A00B793BD /* hair_animation_3@2x.png */,
				5D38DA50176D2E5A00B793BD /* hair_animation_4@2x.png */,
				5D38DA51176D2E5A00B793BD /* hair_animation_5@2x.png */,
				5D38DA52176D2E5A00B793BD /* hair_animation_6@2x.png */,
				5D38DA53176D2E5A00B793BD /* hair_animation_7@2x.png */,
				5D38DA54176D2E5A00B793BD /* hair_animation_8@2x.png */,
				5D38DA55176D2E5A00B793BD /* hair_animation_9@2x.png */,
				5D38DA56176D2E5A00B793BD /* hair_animation_10@2x.png */,
				5DB56E68176D4A1000E87987 /* smoke_animation_1@2x.png */,
				5DB56E69176D4A1000E87987 /* smoke_animation_2@2x.png */,
				5DB56E6A176D4A1000E87987 /* smoke_animation_3@2x.png */,
				5DB56E6B176D4A1000E87987 /* smoke_animation_4@2x.png */,
				5DB56E6C176D4A1000E87987 /* smoke_animation_5@2x.png */,
				5DB56E6D176D4A1000E87987 /* smoke_animation_6@2x.png */,
				5DB56E6E176D4A1000E87987 /* smoke_animation_7@2x.png */,
				5DB56E6F176D4A1000E87987 /* smoke_animation_8@2x.png */,
				5DB56E70176D4A1000E87987 /* smoke_animation_9@2x.png */,
				5DF69EEA176D71B900AA4BD1 /* beakers_animation_1@2x.png */,
				5DF69EEB176D71B900AA4BD1 /* beakers_animation_2@2x.png */,
				5DF69EEC176D71B900AA4BD1 /* beakers_animation_3@2x.png */,
				5DF69EED176D71B900AA4BD1 /* beakers_animation_4@2x.png */,
				5DF69EEE176D71B900AA4BD1 /* beakers_animation_5@2x.png */,
				5DF69EEF176D71B900AA4BD1 /* beakers_animation_6@2x.png */,
				5D388D65176D7B3C00FB6536 /* green_animation_1@2x.png */,
				5D388D66176D7B3C00FB6536 /* green_animation_2@2x.png */,
				5D388D67176D7B3C00FB6536 /* green_animation_3@2x.png */,
				5D388D68176D7B3C00FB6536 /* green_animation_4@2x.png */,
				5D388D69176D7B3C00FB6536 /* green_animation_5@2x.png */,
				5D388D6A176D7B3C00FB6536 /* green_animation_6@2x.png */,
				5D388D6B176D7B3C00FB6536 /* green_animation_7@2x.png */,
				5D388D6C176D7B3C00FB6536 /* green_animation_8@2x.png */,
				5D388D6D176D7B3C00FB6536 /* green_animation_9@2x.png */,
				5DF69F08176D731400AA4BD1 /* orange_animation_1@2x.png */,
				5DF69F09176D731400AA4BD1 /* orange_animation_2@2x.png */,
				5DF69F0A176D731400AA4BD1 /* orange_animation_3@2x.png */,
				5DF69F0B176D731400AA4BD1 /* orange_animation_4@2x.png */,
				5DF69F0C176D731400AA4BD1 /* orange_animation_5@2x.png */,
				5DF69F0D176D731400AA4BD1 /* orange_animation_6@2x.png */,
				5DF69F0E176D731400AA4BD1 /* orange_animation_7@2x.png */,
				5DF69F0F176D731400AA4BD1 /* orange_animation_8@2x.png */,
				5DF69F10176D731400AA4BD1 /* orange_animation_9@2x.png */,
				5DF69F1A176D731E00AA4BD1 /* yellow_animation_1@2x.png */,
				5DF69F1B176D731E00AA4BD1 /* yellow_animation_2@2x.png */,
				5DF69F1C176D731E00AA4BD1 /* yellow_animation_3@2x.png */,
				5DF69F1D176D731E00AA4BD1 /* yellow_animation_4@2x.png */,
				5DF69F1E176D731E00AA4BD1 /* yellow_animation_5@2x.png */,
				5DF69F1F176D731E00AA4BD1 /* yellow_animation_6@2x.png */,
				5DF69F20176D731E00AA4BD1 /* yellow_animation_7@2x.png */,
				5DF69F21176D731E00AA4BD1 /* yellow_animation_8@2x.png */,
				5DF69F22176D731E00AA4BD1 /* yellow_animation_9@2x.png */,
			);
			name = Animations;
			sourceTree = "<group>";
		};
		5D38DA78176D368300B793BD /* Fonts */ = {
			isa = PBXGroup;
			children = (
				5D38DA35176D283000B793BD /* KlinicSlabBold.otf */,
				5D38DA36176D283000B793BD /* KlinicSlabBook.otf */,
				5D388D7D176D996400FB6536 /* DIN-Bold.otf */,
			);
			name = Fonts;
			sourceTree = "<group>";
		};
/* End PBXGroup section */

/* Begin PBXNativeTarget section */
		5D1D2156176BA5CD0016DDCA /* Alchegnome */ = {
			isa = PBXNativeTarget;
			buildConfigurationList = 5D1D2174176BA5CD0016DDCA /* Build configuration list for PBXNativeTarget "Alchegnome" */;
			buildPhases = (
				9E1AC12E3359442296B3F695 /* Check Pods Manifest.lock */,
				5D1D2153176BA5CD0016DDCA /* Sources */,
				5D1D2154176BA5CD0016DDCA /* Frameworks */,
				5D1D2155176BA5CD0016DDCA /* Resources */,
				F3563968619E459C9599D2B4 /* Copy Pods Resources */,
			);
			buildRules = (
			);
			dependencies = (
			);
			name = Alchegnome;
			productName = Alchegnome;
			productReference = 5D1D2157176BA5CD0016DDCA /* Alchegnome.app */;
			productType = "com.apple.product-type.application";
		};
/* End PBXNativeTarget section */

/* Begin PBXProject section */
		5D1D214F176BA5CD0016DDCA /* Project object */ = {
			isa = PBXProject;
			attributes = {
				LastUpgradeCheck = 0460;
				ORGANIZATIONNAME = "Sporting Innovations";
			};
			buildConfigurationList = 5D1D2152176BA5CD0016DDCA /* Build configuration list for PBXProject "Alchegnome" */;
			compatibilityVersion = "Xcode 3.2";
			developmentRegion = English;
			hasScannedForEncodings = 0;
			knownRegions = (
				en,
			);
			mainGroup = 5D1D214E176BA5CD0016DDCA;
			productRefGroup = 5D1D2158176BA5CD0016DDCA /* Products */;
			projectDirPath = "";
			projectRoot = "";
			targets = (
				5D1D2156176BA5CD0016DDCA /* Alchegnome */,
			);
		};
/* End PBXProject section */

/* Begin PBXResourcesBuildPhase section */
		5D1D2155176BA5CD0016DDCA /* Resources */ = {
			isa = PBXResourcesBuildPhase;
			buildActionMask = 2147483647;
			files = (
				5D1D2165176BA5CD0016DDCA /* InfoPlist.strings in Resources */,
				5D1D216D176BA5CD0016DDCA /* Default.png in Resources */,
				5D1D216F176BA5CD0016DDCA /* Default@2x.png in Resources */,
				5D1D2171176BA5CD0016DDCA /* Default-568h@2x.png in Resources */,
				5DE1F220176C1451005FC735 /* GradientView.xib in Resources */,
				5D38DA22176CD48800B793BD /* ResultsViewController.xib in Resources */,
				5D38DA30176D21C700B793BD /* search_bg@2x.png in Resources */,
				5D38DA34176D220000B793BD /* SearchViewController.xib in Resources */,
				5D38DA37176D283000B793BD /* KlinicSlabBold.otf in Resources */,
				5D38DA38176D283000B793BD /* KlinicSlabBook.otf in Resources */,
				5D38DA57176D2E5A00B793BD /* hair_animation_1@2x.png in Resources */,
				5D38DA58176D2E5A00B793BD /* hair_animation_2@2x.png in Resources */,
				5D38DA59176D2E5A00B793BD /* hair_animation_3@2x.png in Resources */,
				5D38DA5A176D2E5A00B793BD /* hair_animation_4@2x.png in Resources */,
				5D38DA5B176D2E5A00B793BD /* hair_animation_5@2x.png in Resources */,
				5D38DA5C176D2E5A00B793BD /* hair_animation_6@2x.png in Resources */,
				5D38DA5D176D2E5A00B793BD /* hair_animation_7@2x.png in Resources */,
				5D38DA5E176D2E5A00B793BD /* hair_animation_8@2x.png in Resources */,
				5D38DA5F176D2E5A00B793BD /* hair_animation_9@2x.png in Resources */,
				5D38DA60176D2E5A00B793BD /* hair_animation_10@2x.png in Resources */,
				5D38DA74176D35AF00B793BD /* CalloutView.xib in Resources */,
				5D38DA76176D362000B793BD /* DetailContainer@2x.png in Resources */,
				5DB56E36176D3DD300E87987 /* filter_btn_active@2x.png in Resources */,
				5DB56E37176D3DD300E87987 /* filter_btn@2x.png in Resources */,
				5DB56E38176D3DD300E87987 /* search_btn_active@2x.png in Resources */,
				5DB56E39176D3DD300E87987 /* search_btn@2x.png in Resources */,
				5DB56E3F176D469C00E87987 /* KloutFlag@2x.png in Resources */,
				5DB56E56176D4A0600E87987 /* bubble_animation_1@2x.png in Resources */,
				5DB56E57176D4A0600E87987 /* bubble_animation_2@2x.png in Resources */,
				5DB56E58176D4A0600E87987 /* bubble_animation_3@2x.png in Resources */,
				5DB56E59176D4A0600E87987 /* bubble_animation_4@2x.png in Resources */,
				5DB56E5A176D4A0600E87987 /* bubble_animation_5@2x.png in Resources */,
				5DB56E5B176D4A0600E87987 /* bubble_animation_6@2x.png in Resources */,
				5DB56E5C176D4A0600E87987 /* bubble_animation_7@2x.png in Resources */,
				5DB56E5D176D4A0600E87987 /* bubble_animation_8@2x.png in Resources */,
				5DB56E5E176D4A0600E87987 /* bubble_animation_9@2x.png in Resources */,
				5DB56E5F176D4A0600E87987 /* bubble2_animation_1@2x.png in Resources */,
				5DB56E60176D4A0600E87987 /* bubble2_animation_2@2x.png in Resources */,
				5DB56E61176D4A0600E87987 /* bubble2_animation_3@2x.png in Resources */,
				5DB56E62176D4A0600E87987 /* bubble2_animation_4@2x.png in Resources */,
				5DB56E63176D4A0600E87987 /* bubble2_animation_5@2x.png in Resources */,
				5DB56E64176D4A0600E87987 /* bubble2_animation_6@2x.png in Resources */,
				5DB56E65176D4A0600E87987 /* bubble2_animation_7@2x.png in Resources */,
				5DB56E66176D4A0600E87987 /* bubble2_animation_8@2x.png in Resources */,
				5DB56E67176D4A0600E87987 /* bubble2_animation_9@2x.png in Resources */,
				5DB56E71176D4A1000E87987 /* smoke_animation_1@2x.png in Resources */,
				5DB56E72176D4A1000E87987 /* smoke_animation_2@2x.png in Resources */,
				5DB56E73176D4A1000E87987 /* smoke_animation_3@2x.png in Resources */,
				5DB56E74176D4A1000E87987 /* smoke_animation_4@2x.png in Resources */,
				5DB56E75176D4A1000E87987 /* smoke_animation_5@2x.png in Resources */,
				5DB56E76176D4A1000E87987 /* smoke_animation_6@2x.png in Resources */,
				5DB56E77176D4A1000E87987 /* smoke_animation_7@2x.png in Resources */,
				5DB56E78176D4A1000E87987 /* smoke_animation_8@2x.png in Resources */,
				5DB56E79176D4A1000E87987 /* smoke_animation_9@2x.png in Resources */,
				5DB56E7E176D4A1F00E87987 /* gear_left@2x.png in Resources */,
				5DB56E7F176D4A1F00E87987 /* gear_middle@2x.png in Resources */,
				5DB56E80176D4A1F00E87987 /* gear_right@2x.png in Resources */,
				5DB56E81176D4A1F00E87987 /* search_lab@2x.png in Resources */,
				5DF69EF0176D71B900AA4BD1 /* beakers_animation_1@2x.png in Resources */,
				5DF69EF1176D71B900AA4BD1 /* beakers_animation_2@2x.png in Resources */,
				5DF69EF2176D71B900AA4BD1 /* beakers_animation_3@2x.png in Resources */,
				5DF69EF3176D71B900AA4BD1 /* beakers_animation_4@2x.png in Resources */,
				5DF69EF4176D71B900AA4BD1 /* beakers_animation_5@2x.png in Resources */,
				5DF69EF5176D71B900AA4BD1 /* beakers_animation_6@2x.png in Resources */,
				5DF69F11176D731400AA4BD1 /* orange_animation_1@2x.png in Resources */,
				5DF69F12176D731400AA4BD1 /* orange_animation_2@2x.png in Resources */,
				5DF69F13176D731400AA4BD1 /* orange_animation_3@2x.png in Resources */,
				5DF69F14176D731400AA4BD1 /* orange_animation_4@2x.png in Resources */,
				5DF69F15176D731400AA4BD1 /* orange_animation_5@2x.png in Resources */,
				5DF69F16176D731400AA4BD1 /* orange_animation_6@2x.png in Resources */,
				5DF69F17176D731400AA4BD1 /* orange_animation_7@2x.png in Resources */,
				5DF69F18176D731400AA4BD1 /* orange_animation_8@2x.png in Resources */,
				5DF69F19176D731400AA4BD1 /* orange_animation_9@2x.png in Resources */,
				5DF69F23176D731E00AA4BD1 /* yellow_animation_1@2x.png in Resources */,
				5DF69F24176D731E00AA4BD1 /* yellow_animation_2@2x.png in Resources */,
				5DF69F25176D731E00AA4BD1 /* yellow_animation_3@2x.png in Resources */,
				5DF69F26176D731E00AA4BD1 /* yellow_animation_4@2x.png in Resources */,
				5DF69F27176D731E00AA4BD1 /* yellow_animation_5@2x.png in Resources */,
				5DF69F28176D731E00AA4BD1 /* yellow_animation_6@2x.png in Resources */,
				5DF69F29176D731E00AA4BD1 /* yellow_animation_7@2x.png in Resources */,
				5DF69F2A176D731E00AA4BD1 /* yellow_animation_8@2x.png in Resources */,
				5DF69F2B176D731E00AA4BD1 /* yellow_animation_9@2x.png in Resources */,
				5D388D6E176D7B3C00FB6536 /* green_animation_1@2x.png in Resources */,
				5D388D6F176D7B3C00FB6536 /* green_animation_2@2x.png in Resources */,
				5D388D70176D7B3C00FB6536 /* green_animation_3@2x.png in Resources */,
				5D388D71176D7B3C00FB6536 /* green_animation_4@2x.png in Resources */,
				5D388D72176D7B3C00FB6536 /* green_animation_5@2x.png in Resources */,
				5D388D73176D7B3C00FB6536 /* green_animation_6@2x.png in Resources */,
				5D388D74176D7B3C00FB6536 /* green_animation_7@2x.png in Resources */,
				5D388D75176D7B3C00FB6536 /* green_animation_8@2x.png in Resources */,
				5D388D76176D7B3C00FB6536 /* green_animation_9@2x.png in Resources */,
				5D388D79176D84AF00FB6536 /* ToggleBtnA@2x.png in Resources */,
				5D388D7A176D84AF00FB6536 /* ToggleBtnB@2x.png in Resources */,
				5D388D7C176D84F200FB6536 /* BackBtn@2x.png in Resources */,
				5D388D7E176D996400FB6536 /* DIN-Bold.otf in Resources */,
			);
			runOnlyForDeploymentPostprocessing = 0;
		};
/* End PBXResourcesBuildPhase section */

/* Begin PBXShellScriptBuildPhase section */
		9E1AC12E3359442296B3F695 /* Check Pods Manifest.lock */ = {
			isa = PBXShellScriptBuildPhase;
			buildActionMask = 2147483647;
			files = (
			);
			inputPaths = (
			);
			name = "Check Pods Manifest.lock";
			outputPaths = (
			);
			runOnlyForDeploymentPostprocessing = 0;
			shellPath = /bin/sh;
			shellScript = "diff \"${PODS_ROOT}/../Podfile.lock\" \"${PODS_ROOT}/Manifest.lock\" > /dev/null\nif [[ $? != 0 ]] ; then\n    cat << EOM\nerror: The sandbox is not in sync with the Podfile.lock. Run 'pod install' or update your CocoaPods installation.\nEOM\n    exit 1\nfi\n";
		};
		F3563968619E459C9599D2B4 /* Copy Pods Resources */ = {
			isa = PBXShellScriptBuildPhase;
			buildActionMask = 2147483647;
			files = (
			);
			inputPaths = (
			);
			name = "Copy Pods Resources";
			outputPaths = (
			);
			runOnlyForDeploymentPostprocessing = 0;
			shellPath = /bin/sh;
			shellScript = "\"${SRCROOT}/Pods/Pods-resources.sh\"\n";
		};
/* End PBXShellScriptBuildPhase section */

/* Begin PBXSourcesBuildPhase section */
		5D1D2153176BA5CD0016DDCA /* Sources */ = {
			isa = PBXSourcesBuildPhase;
			buildActionMask = 2147483647;
			files = (
				5D1D2167176BA5CD0016DDCA /* main.m in Sources */,
				5D1D216B176BA5CD0016DDCA /* AppDelegate.m in Sources */,
				5D1D217A176BA6170016DDCA /* SearchViewController.m in Sources */,
				5D1D217F176BA6B30016DDCA /* ResultsViewController.m in Sources */,
				5DE1F223176C1531005FC735 /* GradientView.m in Sources */,
				5D38DA25176D011A00B793BD /* TweetResult.m in Sources */,
				5DB56E43176D47B500E87987 /* CalloutView.m in Sources */,
			);
			runOnlyForDeploymentPostprocessing = 0;
		};
/* End PBXSourcesBuildPhase section */

/* Begin PBXVariantGroup section */
		5D1D2163176BA5CD0016DDCA /* InfoPlist.strings */ = {
			isa = PBXVariantGroup;
			children = (
				5D1D2164176BA5CD0016DDCA /* en */,
			);
			name = InfoPlist.strings;
			sourceTree = "<group>";
		};
/* End PBXVariantGroup section */

/* Begin XCBuildConfiguration section */
		5D1D2172176BA5CD0016DDCA /* Debug */ = {
			isa = XCBuildConfiguration;
			buildSettings = {
				ALWAYS_SEARCH_USER_PATHS = NO;
				CLANG_CXX_LANGUAGE_STANDARD = "gnu++0x";
				CLANG_CXX_LIBRARY = "libc++";
				CLANG_ENABLE_OBJC_ARC = YES;
				CLANG_WARN_CONSTANT_CONVERSION = YES;
				CLANG_WARN_EMPTY_BODY = YES;
				CLANG_WARN_ENUM_CONVERSION = YES;
				CLANG_WARN_INT_CONVERSION = YES;
				CLANG_WARN__DUPLICATE_METHOD_MATCH = YES;
				"CODE_SIGN_IDENTITY[sdk=iphoneos*]" = "iPhone Developer";
				COPY_PHASE_STRIP = NO;
				GCC_C_LANGUAGE_STANDARD = gnu99;
				GCC_DYNAMIC_NO_PIC = NO;
				GCC_OPTIMIZATION_LEVEL = 0;
				GCC_PREPROCESSOR_DEFINITIONS = (
					"DEBUG=1",
					"$(inherited)",
				);
				GCC_SYMBOLS_PRIVATE_EXTERN = NO;
				GCC_WARN_ABOUT_RETURN_TYPE = YES;
				GCC_WARN_UNINITIALIZED_AUTOS = YES;
				GCC_WARN_UNUSED_VARIABLE = YES;
				IPHONEOS_DEPLOYMENT_TARGET = 6.1;
				ONLY_ACTIVE_ARCH = YES;
				SDKROOT = iphoneos;
			};
			name = Debug;
		};
		5D1D2173176BA5CD0016DDCA /* Release */ = {
			isa = XCBuildConfiguration;
			buildSettings = {
				ALWAYS_SEARCH_USER_PATHS = NO;
				CLANG_CXX_LANGUAGE_STANDARD = "gnu++0x";
				CLANG_CXX_LIBRARY = "libc++";
				CLANG_ENABLE_OBJC_ARC = YES;
				CLANG_WARN_CONSTANT_CONVERSION = YES;
				CLANG_WARN_EMPTY_BODY = YES;
				CLANG_WARN_ENUM_CONVERSION = YES;
				CLANG_WARN_INT_CONVERSION = YES;
				CLANG_WARN__DUPLICATE_METHOD_MATCH = YES;
				"CODE_SIGN_IDENTITY[sdk=iphoneos*]" = "iPhone Developer";
				COPY_PHASE_STRIP = YES;
				GCC_C_LANGUAGE_STANDARD = gnu99;
				GCC_WARN_ABOUT_RETURN_TYPE = YES;
				GCC_WARN_UNINITIALIZED_AUTOS = YES;
				GCC_WARN_UNUSED_VARIABLE = YES;
				IPHONEOS_DEPLOYMENT_TARGET = 6.1;
				OTHER_CFLAGS = "-DNS_BLOCK_ASSERTIONS=1";
				SDKROOT = iphoneos;
				VALIDATE_PRODUCT = YES;
			};
			name = Release;
		};
		5D1D2175176BA5CD0016DDCA /* Debug */ = {
			isa = XCBuildConfiguration;
			baseConfigurationReference = C0DA13F4072E489387DC8B56 /* Pods.xcconfig */;
			buildSettings = {
				CODE_SIGN_IDENTITY = "iPhone Developer: Joel Angelone (65LEW5AC4Z)";
				"CODE_SIGN_IDENTITY[sdk=iphoneos*]" = "iPhone Developer: Joel Angelone (65LEW5AC4Z)";
				GCC_PRECOMPILE_PREFIX_HEADER = YES;
				GCC_PREFIX_HEADER = "Alchegnome/Alchegnome-Prefix.pch";
				INFOPLIST_FILE = "Alchegnome/Alchegnome-Info.plist";
				IPHONEOS_DEPLOYMENT_TARGET = 6.1;
				PRODUCT_NAME = "$(TARGET_NAME)";
				PROVISIONING_PROFILE = "4A21D880-A7D5-4CEA-A701-BFCDA3F45725";
				"PROVISIONING_PROFILE[sdk=iphoneos*]" = "4A21D880-A7D5-4CEA-A701-BFCDA3F45725";
				TARGETED_DEVICE_FAMILY = 2;
				WRAPPER_EXTENSION = app;
			};
			name = Debug;
		};
		5D1D2176176BA5CD0016DDCA /* Release */ = {
			isa = XCBuildConfiguration;
			baseConfigurationReference = C0DA13F4072E489387DC8B56 /* Pods.xcconfig */;
			buildSettings = {
				CODE_SIGN_IDENTITY = "";
				"CODE_SIGN_IDENTITY[sdk=iphoneos*]" = "";
				GCC_PRECOMPILE_PREFIX_HEADER = YES;
				GCC_PREFIX_HEADER = "Alchegnome/Alchegnome-Prefix.pch";
				INFOPLIST_FILE = "Alchegnome/Alchegnome-Info.plist";
				IPHONEOS_DEPLOYMENT_TARGET = 6.1;
				PRODUCT_NAME = "$(TARGET_NAME)";
				TARGETED_DEVICE_FAMILY = 2;
				WRAPPER_EXTENSION = app;
			};
			name = Release;
		};
/* End XCBuildConfiguration section */

/* Begin XCConfigurationList section */
		5D1D2152176BA5CD0016DDCA /* Build configuration list for PBXProject "Alchegnome" */ = {
			isa = XCConfigurationList;
			buildConfigurations = (
				5D1D2172176BA5CD0016DDCA /* Debug */,
				5D1D2173176BA5CD0016DDCA /* Release */,
			);
			defaultConfigurationIsVisible = 0;
			defaultConfigurationName = Release;
		};
		5D1D2174176BA5CD0016DDCA /* Build configuration list for PBXNativeTarget "Alchegnome" */ = {
			isa = XCConfigurationList;
			buildConfigurations = (
				5D1D2175176BA5CD0016DDCA /* Debug */,
				5D1D2176176BA5CD0016DDCA /* Release */,
			);
			defaultConfigurationIsVisible = 0;
			defaultConfigurationName = Release;
		};
/* End XCConfigurationList section */
	};
	rootObject = 5D1D214F176BA5CD0016DDCA /* Project object */;
}
